
Microsoft Visual Studio Solution File, Format Version 12.00
# Visual Studio Version 17
VisualStudioVersion = 17.8.34525.116
MinimumVisualStudioVersion = 10.0.40219.1
Project("{FAE04EC0-301F-11D3-BF4B-00C04F79EFBC}") = "IoTBlockchain", "IoTBlockchain.csproj", "{F80758DA-E2B2-4A76-AD76-33503F0E5FA8}"
EndProject
Global
	GlobalSection(SolutionConfigurationPlatforms) = preSolution
		Debug|Any CPU = Debug|Any CPU
		Release|Any CPU = Release|Any CPU
	EndGlobalSection
	GlobalSection(ProjectConfigurationPlatforms) = postSolution
		{F80758DA-E2B2-4A76-AD76-33503F0E5FA8}.Debug|Any CPU.ActiveCfg = Debug|Any CPU
		{F80758DA-E2B2-4A76-AD76-33503F0E5FA8}.Debug|Any CPU.Build.0 = Debug|Any CPU
		{F80758DA-E2B2-4A76-AD76-33503F0E5FA8}.Release|Any CPU.ActiveCfg = Release|Any CPU
		{F80758DA-E2B2-4A76-AD76-33503F0E5FA8}.Release|Any CPU.Build.0 = Release|Any CPU
	EndGlobalSection
	GlobalSection(SolutionProperties) = preSolution
		HideSolutionNode = FALSE
	EndGlobalSection
	GlobalSection(ExtensibilityGlobals) = postSolution
		SolutionGuid = {524B20D4-609B-43E1-9A41-DF5C1750643B}
	EndGlobalSection
EndGlobal
